
Microsoft Visual Studio Solution File, Format Version 12.00
# Visual Studio Version 17
VisualStudioVersion = 17.13.35818.85 d17.13
MinimumVisualStudioVersion = 10.0.40219.1
Project("{FAE04EC0-301F-11D3-BF4B-00C04F79EFBC}") = "introduzione_alle_matrici_24.02.2025", "introduzione_alle_matrici_24.02.2025.csproj", "{6E5CC9CF-F474-49A9-8E94-652ED4CE3C60}"
EndProject
Global
	GlobalSection(SolutionConfigurationPlatforms) = preSolution
		Debug|Any CPU = Debug|Any CPU
		Release|Any CPU = Release|Any CPU
	EndGlobalSection
	GlobalSection(ProjectConfigurationPlatforms) = postSolution
		{6E5CC9CF-F474-49A9-8E94-652ED4CE3C60}.Debug|Any CPU.ActiveCfg = Debug|Any CPU
		{6E5CC9CF-F474-49A9-8E94-652ED4CE3C60}.Debug|Any CPU.Build.0 = Debug|Any CPU
		{6E5CC9CF-F474-49A9-8E94-652ED4CE3C60}.Release|Any CPU.ActiveCfg = Release|Any CPU
		{6E5CC9CF-F474-49A9-8E94-652ED4CE3C60}.Release|Any CPU.Build.0 = Release|Any CPU
	EndGlobalSection
	GlobalSection(SolutionProperties) = preSolution
		HideSolutionNode = FALSE
	EndGlobalSection
	GlobalSection(ExtensibilityGlobals) = postSolution
		SolutionGuid = {B084A904-7B6D-4FD1-9EBA-6C3214FD0C85}
	EndGlobalSection
EndGlobal
