
Microsoft Visual Studio Solution File, Format Version 12.00
# Visual Studio Version 17
VisualStudioVersion = 17.13.35818.85 d17.13
MinimumVisualStudioVersion = 10.0.40219.1
Project("{FAE04EC0-301F-11D3-BF4B-00C04F79EFBC}") = "creazioneOggetti", "creazioneOggetti.csproj", "{81DBA38A-C5D9-4D44-8C99-F86F68D6CFB6}"
EndProject
Global
	GlobalSection(SolutionConfigurationPlatforms) = preSolution
		Debug|Any CPU = Debug|Any CPU
		Release|Any CPU = Release|Any CPU
	EndGlobalSection
	GlobalSection(ProjectConfigurationPlatforms) = postSolution
		{81DBA38A-C5D9-4D44-8C99-F86F68D6CFB6}.Debug|Any CPU.ActiveCfg = Debug|Any CPU
		{81DBA38A-C5D9-4D44-8C99-F86F68D6CFB6}.Debug|Any CPU.Build.0 = Debug|Any CPU
		{81DBA38A-C5D9-4D44-8C99-F86F68D6CFB6}.Release|Any CPU.ActiveCfg = Release|Any CPU
		{81DBA38A-C5D9-4D44-8C99-F86F68D6CFB6}.Release|Any CPU.Build.0 = Release|Any CPU
	EndGlobalSection
	GlobalSection(SolutionProperties) = preSolution
		HideSolutionNode = FALSE
	EndGlobalSection
	GlobalSection(ExtensibilityGlobals) = postSolution
		SolutionGuid = {8FAECDD7-E563-4D4F-A5FA-07F36D225347}
	EndGlobalSection
EndGlobal
