
Microsoft Visual Studio Solution File, Format Version 12.00
# Visual Studio Version 17
VisualStudioVersion = 17.7.34221.43
MinimumVisualStudioVersion = 10.0.40219.1
Project("{FAE04EC0-301F-11D3-BF4B-00C04F79EFBC}") = "Es3_08.11.2024_verifica_numero_primo", "Es3_08.11.2024_verifica_numero_primo.csproj", "{1869FEEE-69E0-4759-8930-F33E3FEDB677}"
EndProject
Global
	GlobalSection(SolutionConfigurationPlatforms) = preSolution
		Debug|Any CPU = Debug|Any CPU
		Release|Any CPU = Release|Any CPU
	EndGlobalSection
	GlobalSection(ProjectConfigurationPlatforms) = postSolution
		{1869FEEE-69E0-4759-8930-F33E3FEDB677}.Debug|Any CPU.ActiveCfg = Debug|Any CPU
		{1869FEEE-69E0-4759-8930-F33E3FEDB677}.Debug|Any CPU.Build.0 = Debug|Any CPU
		{1869FEEE-69E0-4759-8930-F33E3FEDB677}.Release|Any CPU.ActiveCfg = Release|Any CPU
		{1869FEEE-69E0-4759-8930-F33E3FEDB677}.Release|Any CPU.Build.0 = Release|Any CPU
	EndGlobalSection
	GlobalSection(SolutionProperties) = preSolution
		HideSolutionNode = FALSE
	EndGlobalSection
	GlobalSection(ExtensibilityGlobals) = postSolution
		SolutionGuid = {4872C2C7-FBDE-4394-BCE1-04012DEA3E32}
	EndGlobalSection
EndGlobal
