
Microsoft Visual Studio Solution File, Format Version 12.00
# Visual Studio Version 17
VisualStudioVersion = 17.12.35521.163 d17.12
MinimumVisualStudioVersion = 10.0.40219.1
Project("{FAE04EC0-301F-11D3-BF4B-00C04F79EFBC}") = "Verifica_17.01.2025", "Verifica_17.01.2025.csproj", "{B44206C3-C8CD-42C7-99A6-8A289D5FF62C}"
EndProject
Global
	GlobalSection(SolutionConfigurationPlatforms) = preSolution
		Debug|Any CPU = Debug|Any CPU
		Release|Any CPU = Release|Any CPU
	EndGlobalSection
	GlobalSection(ProjectConfigurationPlatforms) = postSolution
		{B44206C3-C8CD-42C7-99A6-8A289D5FF62C}.Debug|Any CPU.ActiveCfg = Debug|Any CPU
		{B44206C3-C8CD-42C7-99A6-8A289D5FF62C}.Debug|Any CPU.Build.0 = Debug|Any CPU
		{B44206C3-C8CD-42C7-99A6-8A289D5FF62C}.Release|Any CPU.ActiveCfg = Release|Any CPU
		{B44206C3-C8CD-42C7-99A6-8A289D5FF62C}.Release|Any CPU.Build.0 = Release|Any CPU
	EndGlobalSection
	GlobalSection(SolutionProperties) = preSolution
		HideSolutionNode = FALSE
	EndGlobalSection
EndGlobal
