
Microsoft Visual Studio Solution File, Format Version 12.00
# Visual Studio Version 17
VisualStudioVersion = 17.13.35818.85 d17.13
MinimumVisualStudioVersion = 10.0.40219.1
Project("{FAE04EC0-301F-11D3-BF4B-00C04F79EFBC}") = "esercizio_verifica_recupero_28.02.2025", "esercizio_verifica_recupero_28.02.2025.csproj", "{60CD2BDB-EC26-45AC-9050-3C696E1014E7}"
EndProject
Global
	GlobalSection(SolutionConfigurationPlatforms) = preSolution
		Debug|Any CPU = Debug|Any CPU
		Release|Any CPU = Release|Any CPU
	EndGlobalSection
	GlobalSection(ProjectConfigurationPlatforms) = postSolution
		{60CD2BDB-EC26-45AC-9050-3C696E1014E7}.Debug|Any CPU.ActiveCfg = Debug|Any CPU
		{60CD2BDB-EC26-45AC-9050-3C696E1014E7}.Debug|Any CPU.Build.0 = Debug|Any CPU
		{60CD2BDB-EC26-45AC-9050-3C696E1014E7}.Release|Any CPU.ActiveCfg = Release|Any CPU
		{60CD2BDB-EC26-45AC-9050-3C696E1014E7}.Release|Any CPU.Build.0 = Release|Any CPU
	EndGlobalSection
	GlobalSection(SolutionProperties) = preSolution
		HideSolutionNode = FALSE
	EndGlobalSection
	GlobalSection(ExtensibilityGlobals) = postSolution
		SolutionGuid = {C56D7FCB-3BAC-4C84-AB3C-5DCAEF711A23}
	EndGlobalSection
EndGlobal
