
Microsoft Visual Studio Solution File, Format Version 12.00
# Visual Studio Version 17
VisualStudioVersion = 17.7.34221.43
MinimumVisualStudioVersion = 10.0.40219.1
Project("{FAE04EC0-301F-11D3-BF4B-00C04F79EFBC}") = "secondoProgettoInformatica3H", "secondoProgettoInformatica3H.csproj", "{CFE0AC53-24DB-4853-BF5F-B71F5EAA6639}"
EndProject
Global
	GlobalSection(SolutionConfigurationPlatforms) = preSolution
		Debug|Any CPU = Debug|Any CPU
		Release|Any CPU = Release|Any CPU
	EndGlobalSection
	GlobalSection(ProjectConfigurationPlatforms) = postSolution
		{CFE0AC53-24DB-4853-BF5F-B71F5EAA6639}.Debug|Any CPU.ActiveCfg = Debug|Any CPU
		{CFE0AC53-24DB-4853-BF5F-B71F5EAA6639}.Debug|Any CPU.Build.0 = Debug|Any CPU
		{CFE0AC53-24DB-4853-BF5F-B71F5EAA6639}.Release|Any CPU.ActiveCfg = Release|Any CPU
		{CFE0AC53-24DB-4853-BF5F-B71F5EAA6639}.Release|Any CPU.Build.0 = Release|Any CPU
	EndGlobalSection
	GlobalSection(SolutionProperties) = preSolution
		HideSolutionNode = FALSE
	EndGlobalSection
	GlobalSection(ExtensibilityGlobals) = postSolution
		SolutionGuid = {320E67DB-A8D8-452E-89A2-A98C8FA11C74}
	EndGlobalSection
EndGlobal
