
Microsoft Visual Studio Solution File, Format Version 12.00
# Visual Studio Version 17
VisualStudioVersion = 17.7.34221.43
MinimumVisualStudioVersion = 10.0.40219.1
Project("{FAE04EC0-301F-11D3-BF4B-00C04F79EFBC}") = "ES1_Verifiica_11.10.2024", "ES1_Verifiica_11.10.2024.csproj", "{9ACFB0ED-46AF-474F-9140-B5925B65BC42}"
EndProject
Global
	GlobalSection(SolutionConfigurationPlatforms) = preSolution
		Debug|Any CPU = Debug|Any CPU
		Release|Any CPU = Release|Any CPU
	EndGlobalSection
	GlobalSection(ProjectConfigurationPlatforms) = postSolution
		{9ACFB0ED-46AF-474F-9140-B5925B65BC42}.Debug|Any CPU.ActiveCfg = Debug|Any CPU
		{9ACFB0ED-46AF-474F-9140-B5925B65BC42}.Debug|Any CPU.Build.0 = Debug|Any CPU
		{9ACFB0ED-46AF-474F-9140-B5925B65BC42}.Release|Any CPU.ActiveCfg = Release|Any CPU
		{9ACFB0ED-46AF-474F-9140-B5925B65BC42}.Release|Any CPU.Build.0 = Release|Any CPU
	EndGlobalSection
	GlobalSection(SolutionProperties) = preSolution
		HideSolutionNode = FALSE
	EndGlobalSection
	GlobalSection(ExtensibilityGlobals) = postSolution
		SolutionGuid = {0B290098-07CA-4CC4-9A8C-F8EB757AD5DD}
	EndGlobalSection
EndGlobal
