
Microsoft Visual Studio Solution File, Format Version 12.00
# Visual Studio Version 17
VisualStudioVersion = 17.7.34221.43
MinimumVisualStudioVersion = 10.0.40219.1
Project("{FAE04EC0-301F-11D3-BF4B-00C04F79EFBC}") = "riscaldamento_15.11.2024", "riscaldamento_15.11.2024.csproj", "{DE0D1D03-BE9D-4BFB-A9E6-CA8199B92B3C}"
EndProject
Global
	GlobalSection(SolutionConfigurationPlatforms) = preSolution
		Debug|Any CPU = Debug|Any CPU
		Release|Any CPU = Release|Any CPU
	EndGlobalSection
	GlobalSection(ProjectConfigurationPlatforms) = postSolution
		{DE0D1D03-BE9D-4BFB-A9E6-CA8199B92B3C}.Debug|Any CPU.ActiveCfg = Debug|Any CPU
		{DE0D1D03-BE9D-4BFB-A9E6-CA8199B92B3C}.Debug|Any CPU.Build.0 = Debug|Any CPU
		{DE0D1D03-BE9D-4BFB-A9E6-CA8199B92B3C}.Release|Any CPU.ActiveCfg = Release|Any CPU
		{DE0D1D03-BE9D-4BFB-A9E6-CA8199B92B3C}.Release|Any CPU.Build.0 = Release|Any CPU
	EndGlobalSection
	GlobalSection(SolutionProperties) = preSolution
		HideSolutionNode = FALSE
	EndGlobalSection
	GlobalSection(ExtensibilityGlobals) = postSolution
		SolutionGuid = {0F95702B-93BE-4F3D-B54C-2663F3156313}
	EndGlobalSection
EndGlobal
