
Microsoft Visual Studio Solution File, Format Version 12.00
# Visual Studio Version 17
VisualStudioVersion = 17.7.34221.43
MinimumVisualStudioVersion = 10.0.40219.1
Project("{FAE04EC0-301F-11D3-BF4B-00C04F79EFBC}") = "lancio del dado con vettore", "lancio del dado con vettore.csproj", "{006E5E6C-5AF1-4DCF-A65B-2BE044190353}"
EndProject
Global
	GlobalSection(SolutionConfigurationPlatforms) = preSolution
		Debug|Any CPU = Debug|Any CPU
		Release|Any CPU = Release|Any CPU
	EndGlobalSection
	GlobalSection(ProjectConfigurationPlatforms) = postSolution
		{006E5E6C-5AF1-4DCF-A65B-2BE044190353}.Debug|Any CPU.ActiveCfg = Debug|Any CPU
		{006E5E6C-5AF1-4DCF-A65B-2BE044190353}.Debug|Any CPU.Build.0 = Debug|Any CPU
		{006E5E6C-5AF1-4DCF-A65B-2BE044190353}.Release|Any CPU.ActiveCfg = Release|Any CPU
		{006E5E6C-5AF1-4DCF-A65B-2BE044190353}.Release|Any CPU.Build.0 = Release|Any CPU
	EndGlobalSection
	GlobalSection(SolutionProperties) = preSolution
		HideSolutionNode = FALSE
	EndGlobalSection
	GlobalSection(ExtensibilityGlobals) = postSolution
		SolutionGuid = {D4CAD20C-6878-4D08-BDCC-E39A2218203B}
	EndGlobalSection
EndGlobal
